
Microsoft Visual Studio Solution File, Format Version 12.00
# Visual Studio 15
VisualStudioVersion = 15.0.27428.2002
MinimumVisualStudioVersion = 10.0.40219.1
Project("{FAE04EC0-301F-11D3-BF4B-00C04F79EFBC}") = "PorgBot", "PorgBot.csproj", "{BE9912C9-9413-4534-B908-57B81C3DB4DD}"
EndProject
Global
	GlobalSection(SolutionConfigurationPlatforms) = preSolution
		Debug|Any CPU = Debug|Any CPU
		Release|Any CPU = Release|Any CPU
	EndGlobalSection
	GlobalSection(ProjectConfigurationPlatforms) = postSolution
		{BE9912C9-9413-4534-B908-57B81C3DB4DD}.Debug|Any CPU.ActiveCfg = Debug|Any CPU
		{BE9912C9-9413-4534-B908-57B81C3DB4DD}.Debug|Any CPU.Build.0 = Debug|Any CPU
		{BE9912C9-9413-4534-B908-57B81C3DB4DD}.Release|Any CPU.ActiveCfg = Release|Any CPU
		{BE9912C9-9413-4534-B908-57B81C3DB4DD}.Release|Any CPU.Build.0 = Release|Any CPU
	EndGlobalSection
	GlobalSection(SolutionProperties) = preSolution
		HideSolutionNode = FALSE
	EndGlobalSection
	GlobalSection(ExtensibilityGlobals) = postSolution
		SolutionGuid = {3C752CF5-E100-498F-82EB-A2834F1FE6BF}
	EndGlobalSection
EndGlobal
